// !$*UTF8*$!
{
	archiveVersion = 1;
	classes = {
	};
	objectVersion = 56;
	objects = {

/* Begin PBXBuildFile section */
		AA11BB22000000000000000F /* Assets.xcassets in Resources */ = {isa = PBXBuildFile; fileRef = AA11BB22000000000000000C /* Assets.xcassets */; };
		B2E0000000000000000003E9 /* ContentView.swift in Sources */ = {isa = PBXBuildFile; fileRef = B2E000000000000000000001 /* ContentView.swift */; };
		B2E0000000000000000003EA /* BarometricBalloonView.swift in Sources */ = {isa = PBXBuildFile; fileRef = B2E000000000000000000002 /* BarometricBalloonView.swift */; };
		B2E0000000000000000003EB /* ChladniPlateView.swift in Sources */ = {isa = PBXBuildFile; fileRef = B2E000000000000000000003 /* ChladniPlateView.swift */; };
		B2E0000000000000000003EC /* ClothPanelView.swift in Sources */ = {isa = PBXBuildFile; fileRef = B2E000000000000000000004 /* ClothPanelView.swift */; };
		B2E0000000000000000003ED /* CompassMercuryView.swift in Sources */ = {isa = PBXBuildFile; fileRef = B2E000000000000000000005 /* CompassMercuryView.swift */; };
		B2E0000000000000000003EE /* ExperimentCatalog.swift in Sources */ = {isa = PBXBuildFile; fileRef = B2E000000000000000000006 /* ExperimentCatalog.swift */; };
		B2E0000000000000000003EF /* FaceSpecularView.swift in Sources */ = {isa = PBXBuildFile; fileRef = B2E000000000000000000007 /* FaceSpecularView.swift */; };
		B2E0000000000000000003F0 /* FrostView.swift in Sources */ = {isa = PBXBuildFile; fileRef = B2E000000000000000000008 /* FrostView.swift */; };
		B2E0000000000000000003F1 /* HangingChainSimulation.swift in Sources */ = {isa = PBXBuildFile; fileRef = B2E000000000000000000009 /* HangingChainSimulation.swift */; };
		B2E0000000000000000003F2 /* HangingChainView.swift in Sources */ = {isa = PBXBuildFile; fileRef = B2E00000000000000000000A /* HangingChainView.swift */; };
		B2E0000000000000000003F3 /* InkBleedView.swift in Sources */ = {isa = PBXBuildFile; fileRef = B2E00000000000000000000B /* InkBleedView.swift */; };
		B2E0000000000000000003F4 /* IronFilingsView.swift in Sources */ = {isa = PBXBuildFile; fileRef = B2E00000000000000000000C /* IronFilingsView.swift */; };
		B2E0000000000000000003F5 /* MatchbookView.swift in Sources */ = {isa = PBXBuildFile; fileRef = B2E00000000000000000000D /* MatchbookView.swift */; };
		B2E0000000000000000003F6 /* MetaballMercuryView.swift in Sources */ = {isa = PBXBuildFile; fileRef = B2E00000000000000000000E /* MetaballMercuryView.swift */; };
		B2E0000000000000000003F7 /* ParallaxDioramaView.swift in Sources */ = {isa = PBXBuildFile; fileRef = B2E00000000000000000000F /* ParallaxDioramaView.swift */; };
		B2E0000000000000000003F8 /* PullCordView.swift in Sources */ = {isa = PBXBuildFile; fileRef = B2E000000000000000000010 /* PullCordView.swift */; };
		B2E0000000000000000003F9 /* SafeDialView.swift in Sources */ = {isa = PBXBuildFile; fileRef = B2E000000000000000000011 /* SafeDialView.swift */; };
		B2E0000000000000000003FA /* AltimeterSource.swift in Sources */ = {isa = PBXBuildFile; fileRef = B2E000000000000000000012 /* AltimeterSource.swift */; };
		B2E0000000000000000003FB /* DeviceMotionSource.swift in Sources */ = {isa = PBXBuildFile; fileRef = B2E000000000000000000013 /* DeviceMotionSource.swift */; };
		B2E0000000000000000003FC /* ExperimentChrome.swift in Sources */ = {isa = PBXBuildFile; fileRef = B2E000000000000000000014 /* ExperimentChrome.swift */; };
		B2E0000000000000000003FD /* FaceTrackingSource.swift in Sources */ = {isa = PBXBuildFile; fileRef = B2E000000000000000000015 /* FaceTrackingSource.swift */; };
		B2E0000000000000000003FE /* FrameTicker.swift in Sources */ = {isa = PBXBuildFile; fileRef = B2E000000000000000000016 /* FrameTicker.swift */; };
		B2E0000000000000000003FF /* HapticPlayer.swift in Sources */ = {isa = PBXBuildFile; fileRef = B2E000000000000000000017 /* HapticPlayer.swift */; };
		B2E000000000000000000400 /* HeadingSource.swift in Sources */ = {isa = PBXBuildFile; fileRef = B2E000000000000000000018 /* HeadingSource.swift */; };
		B2E000000000000000000401 /* LabShaders.metal in Sources */ = {isa = PBXBuildFile; fileRef = B2E000000000000000000019 /* LabShaders.metal */; };
		B2E000000000000000000402 /* LabTheme.swift in Sources */ = {isa = PBXBuildFile; fileRef = B2E00000000000000000001A /* LabTheme.swift */; };
		B2E000000000000000000403 /* MetalLabView.swift in Sources */ = {isa = PBXBuildFile; fileRef = B2E00000000000000000001B /* MetalLabView.swift */; };
		B2E000000000000000000404 /* MicrophoneFFT.swift in Sources */ = {isa = PBXBuildFile; fileRef = B2E00000000000000000001C /* MicrophoneFFT.swift */; };
		B2E000000000000000000405 /* VerletRope.swift in Sources */ = {isa = PBXBuildFile; fileRef = B2E00000000000000000001D /* VerletRope.swift */; };
		B2E000000000000000000406 /* SmokeBoxView.swift in Sources */ = {isa = PBXBuildFile; fileRef = B2E00000000000000000001E /* SmokeBoxView.swift */; };
		B2E000000000000000000407 /* SoapFilmView.swift in Sources */ = {isa = PBXBuildFile; fileRef = B2E00000000000000000001F /* SoapFilmView.swift */; };
		B2E000000000000000000408 /* WaxSealView.swift in Sources */ = {isa = PBXBuildFile; fileRef = B2E000000000000000000020 /* WaxSealView.swift */; };
		B2E000000000000000000409 /* ZipperView.swift in Sources */ = {isa = PBXBuildFile; fileRef = B2E000000000000000000021 /* ZipperView.swift */; };
		B2E00000000000000000040A /* InteractionsApp.swift in Sources */ = {isa = PBXBuildFile; fileRef = B2E000000000000000000022 /* InteractionsApp.swift */; };
/* End PBXBuildFile section */

/* Begin PBXFileReference section */
		B2E000000000000000000001 /* ContentView.swift */ = {isa = PBXFileReference; lastKnownFileType = sourcecode.swift; path = ContentView.swift; sourceTree = "<group>"; };
		B2E000000000000000000002 /* BarometricBalloonView.swift */ = {isa = PBXFileReference; lastKnownFileType = sourcecode.swift; path = BarometricBalloonView.swift; sourceTree = "<group>"; };
		B2E000000000000000000003 /* ChladniPlateView.swift */ = {isa = PBXFileReference; lastKnownFileType = sourcecode.swift; path = ChladniPlateView.swift; sourceTree = "<group>"; };
		B2E000000000000000000004 /* ClothPanelView.swift */ = {isa = PBXFileReference; lastKnownFileType = sourcecode.swift; path = ClothPanelView.swift; sourceTree = "<group>"; };
		B2E000000000000000000005 /* CompassMercuryView.swift */ = {isa = PBXFileReference; lastKnownFileType = sourcecode.swift; path = CompassMercuryView.swift; sourceTree = "<group>"; };
		B2E000000000000000000006 /* ExperimentCatalog.swift */ = {isa = PBXFileReference; lastKnownFileType = sourcecode.swift; path = ExperimentCatalog.swift; sourceTree = "<group>"; };
		B2E000000000000000000007 /* FaceSpecularView.swift */ = {isa = PBXFileReference; lastKnownFileType = sourcecode.swift; path = FaceSpecularView.swift; sourceTree = "<group>"; };
		B2E000000000000000000008 /* FrostView.swift */ = {isa = PBXFileReference; lastKnownFileType = sourcecode.swift; path = FrostView.swift; sourceTree = "<group>"; };
		B2E000000000000000000009 /* HangingChainSimulation.swift */ = {isa = PBXFileReference; lastKnownFileType = sourcecode.swift; path = HangingChainSimulation.swift; sourceTree = "<group>"; };
		B2E00000000000000000000A /* HangingChainView.swift */ = {isa = PBXFileReference; lastKnownFileType = sourcecode.swift; path = HangingChainView.swift; sourceTree = "<group>"; };
		B2E00000000000000000000B /* InkBleedView.swift */ = {isa = PBXFileReference; lastKnownFileType = sourcecode.swift; path = InkBleedView.swift; sourceTree = "<group>"; };
		B2E00000000000000000000C /* IronFilingsView.swift */ = {isa = PBXFileReference; lastKnownFileType = sourcecode.swift; path = IronFilingsView.swift; sourceTree = "<group>"; };
		B2E00000000000000000000D /* MatchbookView.swift */ = {isa = PBXFileReference; lastKnownFileType = sourcecode.swift; path = MatchbookView.swift; sourceTree = "<group>"; };
		B2E00000000000000000000E /* MetaballMercuryView.swift */ = {isa = PBXFileReference; lastKnownFileType = sourcecode.swift; path = MetaballMercuryView.swift; sourceTree = "<group>"; };
		B2E00000000000000000000F /* ParallaxDioramaView.swift */ = {isa = PBXFileReference; lastKnownFileType = sourcecode.swift; path = ParallaxDioramaView.swift; sourceTree = "<group>"; };
		B2E000000000000000000010 /* PullCordView.swift */ = {isa = PBXFileReference; lastKnownFileType = sourcecode.swift; path = PullCordView.swift; sourceTree = "<group>"; };
		B2E000000000000000000011 /* SafeDialView.swift */ = {isa = PBXFileReference; lastKnownFileType = sourcecode.swift; path = SafeDialView.swift; sourceTree = "<group>"; };
		B2E000000000000000000012 /* AltimeterSource.swift */ = {isa = PBXFileReference; lastKnownFileType = sourcecode.swift; path = AltimeterSource.swift; sourceTree = "<group>"; };
		B2E000000000000000000013 /* DeviceMotionSource.swift */ = {isa = PBXFileReference; lastKnownFileType = sourcecode.swift; path = DeviceMotionSource.swift; sourceTree = "<group>"; };
		B2E000000000000000000014 /* ExperimentChrome.swift */ = {isa = PBXFileReference; lastKnownFileType = sourcecode.swift; path = ExperimentChrome.swift; sourceTree = "<group>"; };
		B2E000000000000000000015 /* FaceTrackingSource.swift */ = {isa = PBXFileReference; lastKnownFileType = sourcecode.swift; path = FaceTrackingSource.swift; sourceTree = "<group>"; };
		B2E000000000000000000016 /* FrameTicker.swift */ = {isa = PBXFileReference; lastKnownFileType = sourcecode.swift; path = FrameTicker.swift; sourceTree = "<group>"; };
		B2E000000000000000000017 /* HapticPlayer.swift */ = {isa = PBXFileReference; lastKnownFileType = sourcecode.swift; path = HapticPlayer.swift; sourceTree = "<group>"; };
		B2E000000000000000000018 /* HeadingSource.swift */ = {isa = PBXFileReference; lastKnownFileType = sourcecode.swift; path = HeadingSource.swift; sourceTree = "<group>"; };
		B2E000000000000000000019 /* LabShaders.metal */ = {isa = PBXFileReference; lastKnownFileType = sourcecode.metal; path = LabShaders.metal; sourceTree = "<group>"; };
		B2E00000000000000000001A /* LabTheme.swift */ = {isa = PBXFileReference; lastKnownFileType = sourcecode.swift; path = LabTheme.swift; sourceTree = "<group>"; };
		B2E00000000000000000001B /* MetalLabView.swift */ = {isa = PBXFileReference; lastKnownFileType = sourcecode.swift; path = MetalLabView.swift; sourceTree = "<group>"; };
		B2E00000000000000000001C /* MicrophoneFFT.swift */ = {isa = PBXFileReference; lastKnownFileType = sourcecode.swift; path = MicrophoneFFT.swift; sourceTree = "<group>"; };
		B2E00000000000000000001D /* VerletRope.swift */ = {isa = PBXFileReference; lastKnownFileType = sourcecode.swift; path = VerletRope.swift; sourceTree = "<group>"; };
		B2E00000000000000000001E /* SmokeBoxView.swift */ = {isa = PBXFileReference; lastKnownFileType = sourcecode.swift; path = SmokeBoxView.swift; sourceTree = "<group>"; };
		B2E00000000000000000001F /* SoapFilmView.swift */ = {isa = PBXFileReference; lastKnownFileType = sourcecode.swift; path = SoapFilmView.swift; sourceTree = "<group>"; };
		B2E000000000000000000020 /* WaxSealView.swift */ = {isa = PBXFileReference; lastKnownFileType = sourcecode.swift; path = WaxSealView.swift; sourceTree = "<group>"; };
		B2E000000000000000000021 /* ZipperView.swift */ = {isa = PBXFileReference; lastKnownFileType = sourcecode.swift; path = ZipperView.swift; sourceTree = "<group>"; };
		B2E000000000000000000022 /* InteractionsApp.swift */ = {isa = PBXFileReference; lastKnownFileType = sourcecode.swift; path = InteractionsApp.swift; sourceTree = "<group>"; };
		AA11BB220000000000000003 /* Interactions.app */ = {isa = PBXFileReference; explicitFileType = wrapper.application; includeInIndex = 0; path = Interactions.app; sourceTree = BUILT_PRODUCTS_DIR; };
		AA11BB22000000000000000C /* Assets.xcassets */ = {isa = PBXFileReference; lastKnownFileType = folder.assetcatalog; path = Assets.xcassets; sourceTree = "<group>"; };
		A1E0000000000000000006 /* Info.plist */ = {isa = PBXFileReference; lastKnownFileType = text.plist.xml; path = Info.plist; sourceTree = "<group>"; };
/* End PBXFileReference section */

/* Begin PBXFrameworksBuildPhase section */
		AA11BB220000000000000005 /* Frameworks */ = {
			isa = PBXFrameworksBuildPhase;
			buildActionMask = 2147483647;
			files = (
			);
			runOnlyForDeploymentPostprocessing = 0;
		};
/* End PBXFrameworksBuildPhase section */

/* Begin PBXGroup section */
		AA11BB220000000000000007 = {
			isa = PBXGroup;
			children = (
				AA11BB220000000000000008 /* Interactions */,
				AA11BB220000000000000009 /* Products */,
			);
			sourceTree = "<group>";
		};
		AA11BB220000000000000008 /* Interactions */ = {
			isa = PBXGroup;
			children = (
				B2E000000000000000000001 /* ContentView.swift */,
				B2E000000000000000000022 /* InteractionsApp.swift */,
				B2E0000000000000000007D0 /* Experiments */,
				AA11BB22000000000000000C /* Assets.xcassets */,
				A1E0000000000000000006 /* Info.plist */,
			);
			path = Interactions;
			sourceTree = "<group>";
		};
		B2E0000000000000000007D0 /* Experiments */ = {
			isa = PBXGroup;
			children = (
				B2E000000000000000000006 /* ExperimentCatalog.swift */,
				B2E000000000000000000835 /* BarometricBalloon */,
				B2E000000000000000000836 /* ChladniPlate */,
				B2E000000000000000000837 /* ClothPanel */,
				B2E000000000000000000838 /* CompassMercury */,
				B2E000000000000000000839 /* FaceSpecular */,
				B2E00000000000000000083A /* Frost */,
				B2E00000000000000000083B /* HangingChain */,
				B2E00000000000000000083C /* InkBleed */,
				B2E00000000000000000083D /* IronFilings */,
				B2E00000000000000000083E /* Matchbook */,
				B2E00000000000000000083F /* MetaballMercury */,
				B2E000000000000000000840 /* ParallaxDiorama */,
				B2E000000000000000000841 /* PullCord */,
				B2E000000000000000000842 /* SafeDial */,
				B2E000000000000000000843 /* Shared */,
				B2E000000000000000000844 /* SmokeBox */,
				B2E000000000000000000845 /* SoapFilm */,
				B2E000000000000000000846 /* WaxSeal */,
				B2E000000000000000000847 /* Zipper */,
			);
			path = Experiments;
			sourceTree = "<group>";
		};
		B2E000000000000000000835 /* BarometricBalloon */ = {
			isa = PBXGroup;
			children = (
				B2E000000000000000000002 /* BarometricBalloonView.swift */,
			);
			path = BarometricBalloon;
			sourceTree = "<group>";
		};
		B2E000000000000000000836 /* ChladniPlate */ = {
			isa = PBXGroup;
			children = (
				B2E000000000000000000003 /* ChladniPlateView.swift */,
			);
			path = ChladniPlate;
			sourceTree = "<group>";
		};
		B2E000000000000000000837 /* ClothPanel */ = {
			isa = PBXGroup;
			children = (
				B2E000000000000000000004 /* ClothPanelView.swift */,
			);
			path = ClothPanel;
			sourceTree = "<group>";
		};
		B2E000000000000000000838 /* CompassMercury */ = {
			isa = PBXGroup;
			children = (
				B2E000000000000000000005 /* CompassMercuryView.swift */,
			);
			path = CompassMercury;
			sourceTree = "<group>";
		};
		B2E000000000000000000839 /* FaceSpecular */ = {
			isa = PBXGroup;
			children = (
				B2E000000000000000000007 /* FaceSpecularView.swift */,
			);
			path = FaceSpecular;
			sourceTree = "<group>";
		};
		B2E00000000000000000083A /* Frost */ = {
			isa = PBXGroup;
			children = (
				B2E000000000000000000008 /* FrostView.swift */,
			);
			path = Frost;
			sourceTree = "<group>";
		};
		B2E00000000000000000083B /* HangingChain */ = {
			isa = PBXGroup;
			children = (
				B2E000000000000000000009 /* HangingChainSimulation.swift */,
				B2E00000000000000000000A /* HangingChainView.swift */,
			);
			path = HangingChain;
			sourceTree = "<group>";
		};
		B2E00000000000000000083C /* InkBleed */ = {
			isa = PBXGroup;
			children = (
				B2E00000000000000000000B /* InkBleedView.swift */,
			);
			path = InkBleed;
			sourceTree = "<group>";
		};
		B2E00000000000000000083D /* IronFilings */ = {
			isa = PBXGroup;
			children = (
				B2E00000000000000000000C /* IronFilingsView.swift */,
			);
			path = IronFilings;
			sourceTree = "<group>";
		};
		B2E00000000000000000083E /* Matchbook */ = {
			isa = PBXGroup;
			children = (
				B2E00000000000000000000D /* MatchbookView.swift */,
			);
			path = Matchbook;
			sourceTree = "<group>";
		};
		B2E00000000000000000083F /* MetaballMercury */ = {
			isa = PBXGroup;
			children = (
				B2E00000000000000000000E /* MetaballMercuryView.swift */,
			);
			path = MetaballMercury;
			sourceTree = "<group>";
		};
		B2E000000000000000000840 /* ParallaxDiorama */ = {
			isa = PBXGroup;
			children = (
				B2E00000000000000000000F /* ParallaxDioramaView.swift */,
			);
			path = ParallaxDiorama;
			sourceTree = "<group>";
		};
		B2E000000000000000000841 /* PullCord */ = {
			isa = PBXGroup;
			children = (
				B2E000000000000000000010 /* PullCordView.swift */,
			);
			path = PullCord;
			sourceTree = "<group>";
		};
		B2E000000000000000000842 /* SafeDial */ = {
			isa = PBXGroup;
			children = (
				B2E000000000000000000011 /* SafeDialView.swift */,
			);
			path = SafeDial;
			sourceTree = "<group>";
		};
		B2E000000000000000000843 /* Shared */ = {
			isa = PBXGroup;
			children = (
				B2E000000000000000000012 /* AltimeterSource.swift */,
				B2E000000000000000000013 /* DeviceMotionSource.swift */,
				B2E000000000000000000014 /* ExperimentChrome.swift */,
				B2E000000000000000000015 /* FaceTrackingSource.swift */,
				B2E000000000000000000016 /* FrameTicker.swift */,
				B2E000000000000000000017 /* HapticPlayer.swift */,
				B2E000000000000000000018 /* HeadingSource.swift */,
				B2E000000000000000000019 /* LabShaders.metal */,
				B2E00000000000000000001A /* LabTheme.swift */,
				B2E00000000000000000001B /* MetalLabView.swift */,
				B2E00000000000000000001C /* MicrophoneFFT.swift */,
				B2E00000000000000000001D /* VerletRope.swift */,
			);
			path = Shared;
			sourceTree = "<group>";
		};
		B2E000000000000000000844 /* SmokeBox */ = {
			isa = PBXGroup;
			children = (
				B2E00000000000000000001E /* SmokeBoxView.swift */,
			);
			path = SmokeBox;
			sourceTree = "<group>";
		};
		B2E000000000000000000845 /* SoapFilm */ = {
			isa = PBXGroup;
			children = (
				B2E00000000000000000001F /* SoapFilmView.swift */,
			);
			path = SoapFilm;
			sourceTree = "<group>";
		};
		B2E000000000000000000846 /* WaxSeal */ = {
			isa = PBXGroup;
			children = (
				B2E000000000000000000020 /* WaxSealView.swift */,
			);
			path = WaxSeal;
			sourceTree = "<group>";
		};
		B2E000000000000000000847 /* Zipper */ = {
			isa = PBXGroup;
			children = (
				B2E000000000000000000021 /* ZipperView.swift */,
			);
			path = Zipper;
			sourceTree = "<group>";
		};
		AA11BB220000000000000009 /* Products */ = {
			isa = PBXGroup;
			children = (
				AA11BB220000000000000003 /* Interactions.app */,
			);
			name = Products;
			sourceTree = "<group>";
		};
/* End PBXGroup section */

/* Begin PBXNativeTarget section */
		AA11BB220000000000000002 /* Interactions */ = {
			isa = PBXNativeTarget;
			buildConfigurationList = AA11BB220000000000000011 /* Build configuration list for PBXNativeTarget "Interactions" */;
			buildPhases = (
				AA11BB220000000000000004 /* Sources */,
				AA11BB220000000000000005 /* Frameworks */,
				AA11BB220000000000000006 /* Resources */,
			);
			buildRules = (
			);
			dependencies = (
			);
			name = Interactions;
			productName = Interactions;
			productReference = AA11BB220000000000000003 /* Interactions.app */;
			productType = "com.apple.product-type.application";
		};
/* End PBXNativeTarget section */

/* Begin PBXProject section */
		AA11BB220000000000000001 /* Project object */ = {
			isa = PBXProject;
			attributes = {
				BuildIndependentTargetsInParallel = 1;
				LastSwiftUpdateCheck = 1500;
				LastUpgradeCheck = 1500;
				TargetAttributes = {
					AA11BB220000000000000002 = {
						CreatedOnToolsVersion = 15.0;
					};
				};
			};
			buildConfigurationList = AA11BB220000000000000010 /* Build configuration list for PBXProject "Interactions" */;
			compatibilityVersion = "Xcode 14.0";
			developmentRegion = en;
			hasScannedForEncodings = 0;
			knownRegions = (
				en,
				Base,
			);
			mainGroup = AA11BB220000000000000007;
			productRefGroup = AA11BB220000000000000009 /* Products */;
			projectDirPath = "";
			projectRoot = "";
			targets = (
				AA11BB220000000000000002 /* Interactions */,
			);
		};
/* End PBXProject section */

/* Begin PBXResourcesBuildPhase section */
		AA11BB220000000000000006 /* Resources */ = {
			isa = PBXResourcesBuildPhase;
			buildActionMask = 2147483647;
			files = (
				AA11BB22000000000000000F /* Assets.xcassets in Resources */,
			);
			runOnlyForDeploymentPostprocessing = 0;
		};
/* End PBXResourcesBuildPhase section */

/* Begin PBXSourcesBuildPhase section */
		AA11BB220000000000000004 /* Sources */ = {
			isa = PBXSourcesBuildPhase;
			buildActionMask = 2147483647;
			files = (
				B2E0000000000000000003E9 /* ContentView.swift in Sources */,
				B2E0000000000000000003EA /* BarometricBalloonView.swift in Sources */,
				B2E0000000000000000003EB /* ChladniPlateView.swift in Sources */,
				B2E0000000000000000003EC /* ClothPanelView.swift in Sources */,
				B2E0000000000000000003ED /* CompassMercuryView.swift in Sources */,
				B2E0000000000000000003EE /* ExperimentCatalog.swift in Sources */,
				B2E0000000000000000003EF /* FaceSpecularView.swift in Sources */,
				B2E0000000000000000003F0 /* FrostView.swift in Sources */,
				B2E0000000000000000003F1 /* HangingChainSimulation.swift in Sources */,
				B2E0000000000000000003F2 /* HangingChainView.swift in Sources */,
				B2E0000000000000000003F3 /* InkBleedView.swift in Sources */,
				B2E0000000000000000003F4 /* IronFilingsView.swift in Sources */,
				B2E0000000000000000003F5 /* MatchbookView.swift in Sources */,
				B2E0000000000000000003F6 /* MetaballMercuryView.swift in Sources */,
				B2E0000000000000000003F7 /* ParallaxDioramaView.swift in Sources */,
				B2E0000000000000000003F8 /* PullCordView.swift in Sources */,
				B2E0000000000000000003F9 /* SafeDialView.swift in Sources */,
				B2E0000000000000000003FA /* AltimeterSource.swift in Sources */,
				B2E0000000000000000003FB /* DeviceMotionSource.swift in Sources */,
				B2E0000000000000000003FC /* ExperimentChrome.swift in Sources */,
				B2E0000000000000000003FD /* FaceTrackingSource.swift in Sources */,
				B2E0000000000000000003FE /* FrameTicker.swift in Sources */,
				B2E0000000000000000003FF /* HapticPlayer.swift in Sources */,
				B2E000000000000000000400 /* HeadingSource.swift in Sources */,
				B2E000000000000000000401 /* LabShaders.metal in Sources */,
				B2E000000000000000000402 /* LabTheme.swift in Sources */,
				B2E000000000000000000403 /* MetalLabView.swift in Sources */,
				B2E000000000000000000404 /* MicrophoneFFT.swift in Sources */,
				B2E000000000000000000405 /* VerletRope.swift in Sources */,
				B2E000000000000000000406 /* SmokeBoxView.swift in Sources */,
				B2E000000000000000000407 /* SoapFilmView.swift in Sources */,
				B2E000000000000000000408 /* WaxSealView.swift in Sources */,
				B2E000000000000000000409 /* ZipperView.swift in Sources */,
				B2E00000000000000000040A /* InteractionsApp.swift in Sources */,
			);
			runOnlyForDeploymentPostprocessing = 0;
		};
/* End PBXSourcesBuildPhase section */

/* Begin XCBuildConfiguration section */
		AA11BB220000000000000012 /* Debug */ = {
			isa = XCBuildConfiguration;
			buildSettings = {
				ALWAYS_SEARCH_USER_PATHS = NO;
				ASSETCATALOG_COMPILER_GENERATE_SWIFT_ASSET_SYMBOL_EXTENSIONS = YES;
				CLANG_ANALYZER_NONNULL = YES;
				CLANG_ANALYZER_NUMBER_OBJECT_CONVERSION = YES_AGGRESSIVE;
				CLANG_CXX_LANGUAGE_STANDARD = "gnu++20";
				CLANG_ENABLE_MODULES = YES;
				CLANG_ENABLE_OBJC_ARC = YES;
				CLANG_ENABLE_OBJC_WEAK = YES;
				CLANG_WARN_BLOCK_CAPTURE_AUTORELEASING = YES;
				CLANG_WARN_BOOL_CONVERSION = YES;
				CLANG_WARN_COMMA = YES;
				CLANG_WARN_CONSTANT_CONVERSION = YES;
				CLANG_WARN_DEPRECATED_OBJC_IMPLEMENTATIONS = YES;
				CLANG_WARN_DIRECT_OBJC_ISA_USAGE = YES_ERROR;
				CLANG_WARN_DOCUMENTATION_COMMENTS = YES;
				CLANG_WARN_EMPTY_BODY = YES;
				CLANG_WARN_ENUM_CONVERSION = YES;
				CLANG_WARN_INFINITE_RECURSION = YES;
				CLANG_WARN_INT_CONVERSION = YES;
				CLANG_WARN_NON_LITERAL_NULL_CONVERSION = YES;
				CLANG_WARN_OBJC_IMPLICIT_RETAIN_SELF = YES;
				CLANG_WARN_OBJC_LITERAL_CONVERSION = YES;
				CLANG_WARN_OBJC_ROOT_CLASS = YES_ERROR;
				CLANG_WARN_QUOTED_INCLUDE_IN_FRAMEWORK_HEADER = YES;
				CLANG_WARN_RANGE_LOOP_ANALYSIS = YES;
				CLANG_WARN_STRICT_PROTOTYPES = YES;
				CLANG_WARN_SUSPICIOUS_MOVE = YES;
				CLANG_WARN_UNGUARDED_AVAILABILITY = YES_AGGRESSIVE;
				CLANG_WARN_UNREACHABLE_CODE = YES;
				CLANG_WARN__DUPLICATE_METHOD_MATCH = YES;
				COPY_PHASE_STRIP = NO;
				DEBUG_INFORMATION_FORMAT = dwarf;
				ENABLE_STRICT_OBJC_MSGSEND = YES;
				ENABLE_TESTABILITY = YES;
				ENABLE_USER_SCRIPT_SANDBOXING = YES;
				GCC_C_LANGUAGE_STANDARD = gnu17;
				GCC_DYNAMIC_NO_PIC = NO;
				GCC_NO_COMMON_BLOCKS = YES;
				GCC_OPTIMIZATION_LEVEL = 0;
				GCC_PREPROCESSOR_DEFINITIONS = (
					"DEBUG=1",
					"$(inherited)",
				);
				GCC_WARN_64_TO_32_BIT_CONVERSION = YES;
				GCC_WARN_ABOUT_RETURN_TYPE = YES_ERROR;
				GCC_WARN_UNDECLARED_SELECTOR = YES;
				GCC_WARN_UNINITIALIZED_AUTOS = YES_AGGRESSIVE;
				GCC_WARN_UNUSED_FUNCTION = YES;
				GCC_WARN_UNUSED_VARIABLE = YES;
				IPHONEOS_DEPLOYMENT_TARGET = 17.0;
				LOCALIZATION_PREFERS_STRING_CATALOGS = YES;
				MTL_ENABLE_DEBUG_INFO = INCLUDE_SOURCE;
				MTL_FAST_MATH = YES;
				ONLY_ACTIVE_ARCH = YES;
				SDKROOT = iphoneos;
				SWIFT_ACTIVE_COMPILATION_CONDITIONS = "DEBUG $(inherited)";
				SWIFT_OPTIMIZATION_LEVEL = "-Onone";
			};
			name = Debug;
		};
		AA11BB220000000000000013 /* Release */ = {
			isa = XCBuildConfiguration;
			buildSettings = {
				ALWAYS_SEARCH_USER_PATHS = NO;
				ASSETCATALOG_COMPILER_GENERATE_SWIFT_ASSET_SYMBOL_EXTENSIONS = YES;
				CLANG_ANALYZER_NONNULL = YES;
				CLANG_ANALYZER_NUMBER_OBJECT_CONVERSION = YES_AGGRESSIVE;
				CLANG_CXX_LANGUAGE_STANDARD = "gnu++20";
				CLANG_ENABLE_MODULES = YES;
				CLANG_ENABLE_OBJC_ARC = YES;
				CLANG_ENABLE_OBJC_WEAK = YES;
				CLANG_WARN_BLOCK_CAPTURE_AUTORELEASING = YES;
				CLANG_WARN_BOOL_CONVERSION = YES;
				CLANG_WARN_COMMA = YES;
				CLANG_WARN_CONSTANT_CONVERSION = YES;
				CLANG_WARN_DEPRECATED_OBJC_IMPLEMENTATIONS = YES;
				CLANG_WARN_DIRECT_OBJC_ISA_USAGE = YES_ERROR;
				CLANG_WARN_DOCUMENTATION_COMMENTS = YES;
				CLANG_WARN_EMPTY_BODY = YES;
				CLANG_WARN_ENUM_CONVERSION = YES;
				CLANG_WARN_INFINITE_RECURSION = YES;
				CLANG_WARN_INT_CONVERSION = YES;
				CLANG_WARN_NON_LITERAL_NULL_CONVERSION = YES;
				CLANG_WARN_OBJC_IMPLICIT_RETAIN_SELF = YES;
				CLANG_WARN_OBJC_LITERAL_CONVERSION = YES;
				CLANG_WARN_OBJC_ROOT_CLASS = YES_ERROR;
				CLANG_WARN_QUOTED_INCLUDE_IN_FRAMEWORK_HEADER = YES;
				CLANG_WARN_RANGE_LOOP_ANALYSIS = YES;
				CLANG_WARN_STRICT_PROTOTYPES = YES;
				CLANG_WARN_SUSPICIOUS_MOVE = YES;
				CLANG_WARN_UNGUARDED_AVAILABILITY = YES_AGGRESSIVE;
				CLANG_WARN_UNREACHABLE_CODE = YES;
				CLANG_WARN__DUPLICATE_METHOD_MATCH = YES;
				COPY_PHASE_STRIP = NO;
				DEBUG_INFORMATION_FORMAT = "dwarf-with-dsym";
				ENABLE_NS_ASSERTIONS = NO;
				ENABLE_STRICT_OBJC_MSGSEND = YES;
				ENABLE_USER_SCRIPT_SANDBOXING = YES;
				GCC_C_LANGUAGE_STANDARD = gnu17;
				GCC_NO_COMMON_BLOCKS = YES;
				GCC_WARN_64_TO_32_BIT_CONVERSION = YES;
				GCC_WARN_ABOUT_RETURN_TYPE = YES_ERROR;
				GCC_WARN_UNDECLARED_SELECTOR = YES;
				GCC_WARN_UNINITIALIZED_AUTOS = YES_AGGRESSIVE;
				GCC_WARN_UNUSED_FUNCTION = YES;
				GCC_WARN_UNUSED_VARIABLE = YES;
				IPHONEOS_DEPLOYMENT_TARGET = 17.0;
				LOCALIZATION_PREFERS_STRING_CATALOGS = YES;
				MTL_ENABLE_DEBUG_INFO = NO;
				MTL_FAST_MATH = YES;
				SDKROOT = iphoneos;
				SWIFT_COMPILATION_MODE = wholemodule;
				VALIDATE_PRODUCT = YES;
			};
			name = Release;
		};
		AA11BB220000000000000014 /* Debug */ = {
			isa = XCBuildConfiguration;
			buildSettings = {
				ASSETCATALOG_COMPILER_APPICON_NAME = AppIcon;
				ASSETCATALOG_COMPILER_GLOBAL_ACCENT_COLOR_NAME = AccentColor;
				CODE_SIGN_STYLE = Automatic;
				CURRENT_PROJECT_VERSION = 1;
				ENABLE_PREVIEWS = YES;
				GENERATE_INFOPLIST_FILE = YES;
				INFOPLIST_FILE = Interactions/Info.plist;
				INFOPLIST_KEY_CFBundleDisplayName = Interactions;
				INFOPLIST_KEY_ITSAppUsesNonExemptEncryption = NO;
				INFOPLIST_KEY_LSRequiresIPhoneOS = YES;
				INFOPLIST_KEY_NSCameraUsageDescription = "The TrueDepth camera tracks your face so metal highlights and the diorama can move with your head.";
				INFOPLIST_KEY_NSLocationWhenInUseUsageDescription = "Location is used only to correct magnetic north into true north for the mercury compass.";
				INFOPLIST_KEY_NSMicrophoneUsageDescription = "The microphone listens for tones so sand on the Chladni plate can settle on standing-wave nodes.";
				INFOPLIST_KEY_NSMotionUsageDescription = "Motion, compass, and barometer swing the hanging chain, raise the balloon, tilt smoke and cloth, and aim the mercury.";
				INFOPLIST_KEY_UIApplicationSceneManifest_Generation = YES;
				INFOPLIST_KEY_UIApplicationSupportsIndirectInputEvents = YES;
				INFOPLIST_KEY_UILaunchScreen_Generation = YES;
				INFOPLIST_KEY_UISupportedInterfaceOrientations_iPad = "UIInterfaceOrientationPortrait UIInterfaceOrientationPortraitUpsideDown UIInterfaceOrientationLandscapeLeft UIInterfaceOrientationLandscapeRight";
				INFOPLIST_KEY_UISupportedInterfaceOrientations_iPhone = UIInterfaceOrientationPortrait;
				LD_RUNPATH_SEARCH_PATHS = (
					"$(inherited)",
					"@executable_path/Frameworks",
				);
				MARKETING_VERSION = 1.0;
				PRODUCT_BUNDLE_IDENTIFIER = com.jimmy.interactions;
				PRODUCT_NAME = "$(TARGET_NAME)";
				SUPPORTED_PLATFORMS = "iphoneos iphonesimulator";
				SUPPORTS_MACCATALYST = NO;
				SWIFT_EMIT_LOC_STRINGS = YES;
				SWIFT_VERSION = 5.0;
				TARGETED_DEVICE_FAMILY = "1,2";
			};
			name = Debug;
		};
		AA11BB220000000000000015 /* Release */ = {
			isa = XCBuildConfiguration;
			buildSettings = {
				ASSETCATALOG_COMPILER_APPICON_NAME = AppIcon;
				ASSETCATALOG_COMPILER_GLOBAL_ACCENT_COLOR_NAME = AccentColor;
				CODE_SIGN_STYLE = Automatic;
				CURRENT_PROJECT_VERSION = 1;
				ENABLE_PREVIEWS = YES;
				GENERATE_INFOPLIST_FILE = YES;
				INFOPLIST_FILE = Interactions/Info.plist;
				INFOPLIST_KEY_CFBundleDisplayName = Interactions;
				INFOPLIST_KEY_ITSAppUsesNonExemptEncryption = NO;
				INFOPLIST_KEY_LSRequiresIPhoneOS = YES;
				INFOPLIST_KEY_NSCameraUsageDescription = "The TrueDepth camera tracks your face so metal highlights and the diorama can move with your head.";
				INFOPLIST_KEY_NSLocationWhenInUseUsageDescription = "Location is used only to correct magnetic north into true north for the mercury compass.";
				INFOPLIST_KEY_NSMicrophoneUsageDescription = "The microphone listens for tones so sand on the Chladni plate can settle on standing-wave nodes.";
				INFOPLIST_KEY_NSMotionUsageDescription = "Motion, compass, and barometer swing the hanging chain, raise the balloon, tilt smoke and cloth, and aim the mercury.";
				INFOPLIST_KEY_UIApplicationSceneManifest_Generation = YES;
				INFOPLIST_KEY_UIApplicationSupportsIndirectInputEvents = YES;
				INFOPLIST_KEY_UILaunchScreen_Generation = YES;
				INFOPLIST_KEY_UISupportedInterfaceOrientations_iPad = "UIInterfaceOrientationPortrait UIInterfaceOrientationPortraitUpsideDown UIInterfaceOrientationLandscapeLeft UIInterfaceOrientationLandscapeRight";
				INFOPLIST_KEY_UISupportedInterfaceOrientations_iPhone = UIInterfaceOrientationPortrait;
				LD_RUNPATH_SEARCH_PATHS = (
					"$(inherited)",
					"@executable_path/Frameworks",
				);
				MARKETING_VERSION = 1.0;
				PRODUCT_BUNDLE_IDENTIFIER = com.jimmy.interactions;
				PRODUCT_NAME = "$(TARGET_NAME)";
				SUPPORTED_PLATFORMS = "iphoneos iphonesimulator";
				SUPPORTS_MACCATALYST = NO;
				SWIFT_EMIT_LOC_STRINGS = YES;
				SWIFT_VERSION = 5.0;
				TARGETED_DEVICE_FAMILY = "1,2";
			};
			name = Release;
		};
/* End XCBuildConfiguration section */

/* Begin XCConfigurationList section */
		AA11BB220000000000000010 /* Build configuration list for PBXProject "Interactions" */ = {
			isa = XCConfigurationList;
			buildConfigurations = (
				AA11BB220000000000000012 /* Debug */,
				AA11BB220000000000000013 /* Release */,
			);
			defaultConfigurationIsVisible = 0;
			defaultConfigurationName = Release;
		};
		AA11BB220000000000000011 /* Build configuration list for PBXNativeTarget "Interactions" */ = {
			isa = XCConfigurationList;
			buildConfigurations = (
				AA11BB220000000000000014 /* Debug */,
				AA11BB220000000000000015 /* Release */,
			);
			defaultConfigurationIsVisible = 0;
			defaultConfigurationName = Release;
		};
/* End XCConfigurationList section */
	};
	rootObject = AA11BB220000000000000001 /* Project object */;
}
